
Microsoft Visual Studio Solution File, Format Version 12.00
# Visual Studio Version 17
VisualStudioVersion = 17.2.32519.379
MinimumVisualStudioVersion = 10.0.40219.1
Project("{FAE04EC0-301F-11D3-BF4B-00C04F79EFBC}") = "sistema imprenta", "sistema imprenta\sistema imprenta.csproj", "{4C659E9F-23D4-4E11-8B99-5EB90FE6FDEB}"
EndProject
Project("{FAE04EC0-301F-11D3-BF4B-00C04F79EFBC}") = "entidadesimprenta", "entidadesimprenta\entidadesimprenta.csproj", "{1332CB7E-DB26-477A-912B-615701AC941A}"
EndProject
Global
	GlobalSection(SolutionConfigurationPlatforms) = preSolution
		Debug|Any CPU = Debug|Any CPU
		Release|Any CPU = Release|Any CPU
	EndGlobalSection
	GlobalSection(ProjectConfigurationPlatforms) = postSolution
		{4C659E9F-23D4-4E11-8B99-5EB90FE6FDEB}.Debug|Any CPU.ActiveCfg = Debug|Any CPU
		{4C659E9F-23D4-4E11-8B99-5EB90FE6FDEB}.Debug|Any CPU.Build.0 = Debug|Any CPU
		{4C659E9F-23D4-4E11-8B99-5EB90FE6FDEB}.Release|Any CPU.ActiveCfg = Release|Any CPU
		{4C659E9F-23D4-4E11-8B99-5EB90FE6FDEB}.Release|Any CPU.Build.0 = Release|Any CPU
		{1332CB7E-DB26-477A-912B-615701AC941A}.Debug|Any CPU.ActiveCfg = Debug|Any CPU
		{1332CB7E-DB26-477A-912B-615701AC941A}.Debug|Any CPU.Build.0 = Debug|Any CPU
		{1332CB7E-DB26-477A-912B-615701AC941A}.Release|Any CPU.ActiveCfg = Release|Any CPU
		{1332CB7E-DB26-477A-912B-615701AC941A}.Release|Any CPU.Build.0 = Release|Any CPU
	EndGlobalSection
	GlobalSection(SolutionProperties) = preSolution
		HideSolutionNode = FALSE
	EndGlobalSection
	GlobalSection(ExtensibilityGlobals) = postSolution
		SolutionGuid = {552977A9-292A-4EC1-939C-27E5C6F73056}
	EndGlobalSection
EndGlobal
